
Microsoft Visual Studio Solution File, Format Version 12.00
# Visual Studio 15
VisualStudioVersion = 15.0.26403.7
MinimumVisualStudioVersion = 10.0.40219.1
Project("{FAE04EC0-301F-11D3-BF4B-00C04F79EFBC}") = "MonkeyHubApp.Android", "MonkeyHubApp\MonkeyHubApp.Android\MonkeyHubApp.Android.csproj", "{B561F752-FBFD-44D6-B987-14DCCE560DA9}"
EndProject
Project("{FAE04EC0-301F-11D3-BF4B-00C04F79EFBC}") = "MonkeyHubApp", "MonkeyHubApp\MonkeyHubApp\MonkeyHubApp.csproj", "{A11F4227-876D-43A1-9804-704476438D4B}"
EndProject
Project("{FAE04EC0-301F-11D3-BF4B-00C04F79EFBC}") = "MonkeyHubApp.UWP", "MonkeyHubApp\MonkeyHubApp.UWP\MonkeyHubApp.UWP.csproj", "{FDD3E5F9-4934-4023-8AC4-817B436E6F53}"
EndProject
Project("{FAE04EC0-301F-11D3-BF4B-00C04F79EFBC}") = "MonkeyHubApp.iOS", "MonkeyHubApp\MonkeyHubApp.iOS\MonkeyHubApp.iOS.csproj", "{F491D888-DB42-42A0-A601-71BBA14A229D}"
EndProject
Global
	GlobalSection(SolutionConfigurationPlatforms) = preSolution
		Ad-Hoc|Any CPU = Ad-Hoc|Any CPU
		Ad-Hoc|ARM = Ad-Hoc|ARM
		Ad-Hoc|iPhone = Ad-Hoc|iPhone
		Ad-Hoc|iPhoneSimulator = Ad-Hoc|iPhoneSimulator
		Ad-Hoc|x64 = Ad-Hoc|x64
		Ad-Hoc|x86 = Ad-Hoc|x86
		AppStore|Any CPU = AppStore|Any CPU
		AppStore|ARM = AppStore|ARM
		AppStore|iPhone = AppStore|iPhone
		AppStore|iPhoneSimulator = AppStore|iPhoneSimulator
		AppStore|x64 = AppStore|x64
		AppStore|x86 = AppStore|x86
		Debug|Any CPU = Debug|Any CPU
		Debug|ARM = Debug|ARM
		Debug|iPhone = Debug|iPhone
		Debug|iPhoneSimulator = Debug|iPhoneSimulator
		Debug|x64 = Debug|x64
		Debug|x86 = Debug|x86
		Release|Any CPU = Release|Any CPU
		Release|ARM = Release|ARM
		Release|iPhone = Release|iPhone
		Release|iPhoneSimulator = Release|iPhoneSimulator
		Release|x64 = Release|x64
		Release|x86 = Release|x86
	EndGlobalSection
	GlobalSection(ProjectConfigurationPlatforms) = postSolution
		{B561F752-FBFD-44D6-B987-14DCCE560DA9}.Ad-Hoc|Any CPU.ActiveCfg = Release|Any CPU
		{B561F752-FBFD-44D6-B987-14DCCE560DA9}.Ad-Hoc|Any CPU.Build.0 = Release|Any CPU
		{B561F752-FBFD-44D6-B987-14DCCE560DA9}.Ad-Hoc|Any CPU.Deploy.0 = Release|Any CPU
		{B561F752-FBFD-44D6-B987-14DCCE560DA9}.Ad-Hoc|ARM.ActiveCfg = Release|Any CPU
		{B561F752-FBFD-44D6-B987-14DCCE560DA9}.Ad-Hoc|ARM.Build.0 = Release|Any CPU
		{B561F752-FBFD-44D6-B987-14DCCE560DA9}.Ad-Hoc|ARM.Deploy.0 = Release|Any CPU
		{B561F752-FBFD-44D6-B987-14DCCE560DA9}.Ad-Hoc|iPhone.ActiveCfg = Release|Any CPU
		{B561F752-FBFD-44D6-B987-14DCCE560DA9}.Ad-Hoc|iPhone.Build.0 = Release|Any CPU
		{B561F752-FBFD-44D6-B987-14DCCE560DA9}.Ad-Hoc|iPhone.Deploy.0 = Release|Any CPU
		{B561F752-FBFD-44D6-B987-14DCCE560DA9}.Ad-Hoc|iPhoneSimulator.ActiveCfg = Release|Any CPU
		{B561F752-FBFD-44D6-B987-14DCCE560DA9}.Ad-Hoc|iPhoneSimulator.Build.0 = Release|Any CPU
		{B561F752-FBFD-44D6-B987-14DCCE560DA9}.Ad-Hoc|iPhoneSimulator.Deploy.0 = Release|Any CPU
		{B561F752-FBFD-44D6-B987-14DCCE560DA9}.Ad-Hoc|x64.ActiveCfg = Release|Any CPU
		{B561F752-FBFD-44D6-B987-14DCCE560DA9}.Ad-Hoc|x64.Build.0 = Release|Any CPU
		{B561F752-FBFD-44D6-B987-14DCCE560DA9}.Ad-Hoc|x64.Deploy.0 = Release|Any CPU
		{B561F752-FBFD-44D6-B987-14DCCE560DA9}.Ad-Hoc|x86.ActiveCfg = Release|Any CPU
		{B561F752-FBFD-44D6-B987-14DCCE560DA9}.Ad-Hoc|x86.Build.0 = Release|Any CPU
		{B561F752-FBFD-44D6-B987-14DCCE560DA9}.Ad-Hoc|x86.Deploy.0 = Release|Any CPU
		{B561F752-FBFD-44D6-B987-14DCCE560DA9}.AppStore|Any CPU.ActiveCfg = Release|Any CPU
		{B561F752-FBFD-44D6-B987-14DCCE560DA9}.AppStore|Any CPU.Build.0 = Release|Any CPU
		{B561F752-FBFD-44D6-B987-14DCCE560DA9}.AppStore|Any CPU.Deploy.0 = Release|Any CPU
		{B561F752-FBFD-44D6-B987-14DCCE560DA9}.AppStore|ARM.ActiveCfg = Release|Any CPU
		{B561F752-FBFD-44D6-B987-14DCCE560DA9}.AppStore|ARM.Build.0 = Release|Any CPU
		{B561F752-FBFD-44D6-B987-14DCCE560DA9}.AppStore|ARM.Deploy.0 = Release|Any CPU
		{B561F752-FBFD-44D6-B987-14DCCE560DA9}.AppStore|iPhone.ActiveCfg = Release|Any CPU
		{B561F752-FBFD-44D6-B987-14DCCE560DA9}.AppStore|iPhone.Build.0 = Release|Any CPU
		{B561F752-FBFD-44D6-B987-14DCCE560DA9}.AppStore|iPhone.Deploy.0 = Release|Any CPU
		{B561F752-FBFD-44D6-B987-14DCCE560DA9}.AppStore|iPhoneSimulator.ActiveCfg = Release|Any CPU
		{B561F752-FBFD-44D6-B987-14DCCE560DA9}.AppStore|iPhoneSimulator.Build.0 = Release|Any CPU
		{B561F752-FBFD-44D6-B987-14DCCE560DA9}.AppStore|iPhoneSimulator.Deploy.0 = Release|Any CPU
		{B561F752-FBFD-44D6-B987-14DCCE560DA9}.AppStore|x64.ActiveCfg = Release|Any CPU
		{B561F752-FBFD-44D6-B987-14DCCE560DA9}.AppStore|x64.Build.0 = Release|Any CPU
		{B561F752-FBFD-44D6-B987-14DCCE560DA9}.AppStore|x64.Deploy.0 = Release|Any CPU
		{B561F752-FBFD-44D6-B987-14DCCE560DA9}.AppStore|x86.ActiveCfg = Release|Any CPU
		{B561F752-FBFD-44D6-B987-14DCCE560DA9}.AppStore|x86.Build.0 = Release|Any CPU
		{B561F752-FBFD-44D6-B987-14DCCE560DA9}.AppStore|x86.Deploy.0 = Release|Any CPU
		{B561F752-FBFD-44D6-B987-14DCCE560DA9}.Debug|Any CPU.ActiveCfg = Debug|Any CPU
		{B561F752-FBFD-44D6-B987-14DCCE560DA9}.Debug|Any CPU.Build.0 = Debug|Any CPU
		{B561F752-FBFD-44D6-B987-14DCCE560DA9}.Debug|Any CPU.Deploy.0 = Debug|Any CPU
		{B561F752-FBFD-44D6-B987-14DCCE560DA9}.Debug|ARM.ActiveCfg = Debug|Any CPU
		{B561F752-FBFD-44D6-B987-14DCCE560DA9}.Debug|ARM.Build.0 = Debug|Any CPU
		{B561F752-FBFD-44D6-B987-14DCCE560DA9}.Debug|ARM.Deploy.0 = Debug|Any CPU
		{B561F752-FBFD-44D6-B987-14DCCE560DA9}.Debug|iPhone.ActiveCfg = Debug|Any CPU
		{B561F752-FBFD-44D6-B987-14DCCE560DA9}.Debug|iPhone.Build.0 = Debug|Any CPU
		{B561F752-FBFD-44D6-B987-14DCCE560DA9}.Debug|iPhone.Deploy.0 = Debug|Any CPU
		{B561F752-FBFD-44D6-B987-14DCCE560DA9}.Debug|iPhoneSimulator.ActiveCfg = Debug|Any CPU
		{B561F752-FBFD-44D6-B987-14DCCE560DA9}.Debug|iPhoneSimulator.Build.0 = Debug|Any CPU
		{B561F752-FBFD-44D6-B987-14DCCE560DA9}.Debug|iPhoneSimulator.Deploy.0 = Debug|Any CPU
		{B561F752-FBFD-44D6-B987-14DCCE560DA9}.Debug|x64.ActiveCfg = Debug|Any CPU
		{B561F752-FBFD-44D6-B987-14DCCE560DA9}.Debug|x64.Build.0 = Debug|Any CPU
		{B561F752-FBFD-44D6-B987-14DCCE560DA9}.Debug|x64.Deploy.0 = Debug|Any CPU
		{B561F752-FBFD-44D6-B987-14DCCE560DA9}.Debug|x86.ActiveCfg = Debug|Any CPU
		{B561F752-FBFD-44D6-B987-14DCCE560DA9}.Debug|x86.Build.0 = Debug|Any CPU
		{B561F752-FBFD-44D6-B987-14DCCE560DA9}.Debug|x86.Deploy.0 = Debug|Any CPU
		{B561F752-FBFD-44D6-B987-14DCCE560DA9}.Release|Any CPU.ActiveCfg = Release|Any CPU
		{B561F752-FBFD-44D6-B987-14DCCE560DA9}.Release|Any CPU.Build.0 = Release|Any CPU
		{B561F752-FBFD-44D6-B987-14DCCE560DA9}.Release|Any CPU.Deploy.0 = Release|Any CPU
		{B561F752-FBFD-44D6-B987-14DCCE560DA9}.Release|ARM.ActiveCfg = Release|Any CPU
		{B561F752-FBFD-44D6-B987-14DCCE560DA9}.Release|ARM.Build.0 = Release|Any CPU
		{B561F752-FBFD-44D6-B987-14DCCE560DA9}.Release|ARM.Deploy.0 = Release|Any CPU
		{B561F752-FBFD-44D6-B987-14DCCE560DA9}.Release|iPhone.ActiveCfg = Release|Any CPU
		{B561F752-FBFD-44D6-B987-14DCCE560DA9}.Release|iPhone.Build.0 = Release|Any CPU
		{B561F752-FBFD-44D6-B987-14DCCE560DA9}.Release|iPhone.Deploy.0 = Release|Any CPU
		{B561F752-FBFD-44D6-B987-14DCCE560DA9}.Release|iPhoneSimulator.ActiveCfg = Release|Any CPU
		{B561F752-FBFD-44D6-B987-14DCCE560DA9}.Release|iPhoneSimulator.Build.0 = Release|Any CPU
		{B561F752-FBFD-44D6-B987-14DCCE560DA9}.Release|iPhoneSimulator.Deploy.0 = Release|Any CPU
		{B561F752-FBFD-44D6-B987-14DCCE560DA9}.Release|x64.ActiveCfg = Release|Any CPU
		{B561F752-FBFD-44D6-B987-14DCCE560DA9}.Release|x64.Build.0 = Release|Any CPU
		{B561F752-FBFD-44D6-B987-14DCCE560DA9}.Release|x64.Deploy.0 = Release|Any CPU
		{B561F752-FBFD-44D6-B987-14DCCE560DA9}.Release|x86.ActiveCfg = Release|Any CPU
		{B561F752-FBFD-44D6-B987-14DCCE560DA9}.Release|x86.Build.0 = Release|Any CPU
		{B561F752-FBFD-44D6-B987-14DCCE560DA9}.Release|x86.Deploy.0 = Release|Any CPU
		{A11F4227-876D-43A1-9804-704476438D4B}.Ad-Hoc|Any CPU.ActiveCfg = Release|Any CPU
		{A11F4227-876D-43A1-9804-704476438D4B}.Ad-Hoc|Any CPU.Build.0 = Release|Any CPU
		{A11F4227-876D-43A1-9804-704476438D4B}.Ad-Hoc|ARM.ActiveCfg = Release|Any CPU
		{A11F4227-876D-43A1-9804-704476438D4B}.Ad-Hoc|ARM.Build.0 = Release|Any CPU
		{A11F4227-876D-43A1-9804-704476438D4B}.Ad-Hoc|iPhone.ActiveCfg = Release|Any CPU
		{A11F4227-876D-43A1-9804-704476438D4B}.Ad-Hoc|iPhone.Build.0 = Release|Any CPU
		{A11F4227-876D-43A1-9804-704476438D4B}.Ad-Hoc|iPhoneSimulator.ActiveCfg = Release|Any CPU
		{A11F4227-876D-43A1-9804-704476438D4B}.Ad-Hoc|iPhoneSimulator.Build.0 = Release|Any CPU
		{A11F4227-876D-43A1-9804-704476438D4B}.Ad-Hoc|x64.ActiveCfg = Release|Any CPU
		{A11F4227-876D-43A1-9804-704476438D4B}.Ad-Hoc|x64.Build.0 = Release|Any CPU
		{A11F4227-876D-43A1-9804-704476438D4B}.Ad-Hoc|x86.ActiveCfg = Release|Any CPU
		{A11F4227-876D-43A1-9804-704476438D4B}.Ad-Hoc|x86.Build.0 = Release|Any CPU
		{A11F4227-876D-43A1-9804-704476438D4B}.AppStore|Any CPU.ActiveCfg = Release|Any CPU
		{A11F4227-876D-43A1-9804-704476438D4B}.AppStore|Any CPU.Build.0 = Release|Any CPU
		{A11F4227-876D-43A1-9804-704476438D4B}.AppStore|ARM.ActiveCfg = Release|Any CPU
		{A11F4227-876D-43A1-9804-704476438D4B}.AppStore|ARM.Build.0 = Release|Any CPU
		{A11F4227-876D-43A1-9804-704476438D4B}.AppStore|iPhone.ActiveCfg = Release|Any CPU
		{A11F4227-876D-43A1-9804-704476438D4B}.AppStore|iPhone.Build.0 = Release|Any CPU
		{A11F4227-876D-43A1-9804-704476438D4B}.AppStore|iPhoneSimulator.ActiveCfg = Release|Any CPU
		{A11F4227-876D-43A1-9804-704476438D4B}.AppStore|iPhoneSimulator.Build.0 = Release|Any CPU
		{A11F4227-876D-43A1-9804-704476438D4B}.AppStore|x64.ActiveCfg = Release|Any CPU
		{A11F4227-876D-43A1-9804-704476438D4B}.AppStore|x64.Build.0 = Release|Any CPU
		{A11F4227-876D-43A1-9804-704476438D4B}.AppStore|x86.ActiveCfg = Release|Any CPU
		{A11F4227-876D-43A1-9804-704476438D4B}.AppStore|x86.Build.0 = Release|Any CPU
		{A11F4227-876D-43A1-9804-704476438D4B}.Debug|Any CPU.ActiveCfg = Debug|Any CPU
		{A11F4227-876D-43A1-9804-704476438D4B}.Debug|Any CPU.Build.0 = Debug|Any CPU
		{A11F4227-876D-43A1-9804-704476438D4B}.Debug|ARM.ActiveCfg = Debug|Any CPU
		{A11F4227-876D-43A1-9804-704476438D4B}.Debug|ARM.Build.0 = Debug|Any CPU
		{A11F4227-876D-43A1-9804-704476438D4B}.Debug|iPhone.ActiveCfg = Debug|Any CPU
		{A11F4227-876D-43A1-9804-704476438D4B}.Debug|iPhone.Build.0 = Debug|Any CPU
		{A11F4227-876D-43A1-9804-704476438D4B}.Debug|iPhoneSimulator.ActiveCfg = Debug|Any CPU
		{A11F4227-876D-43A1-9804-704476438D4B}.Debug|iPhoneSimulator.Build.0 = Debug|Any CPU
		{A11F4227-876D-43A1-9804-704476438D4B}.Debug|x64.ActiveCfg = Debug|Any CPU
		{A11F4227-876D-43A1-9804-704476438D4B}.Debug|x64.Build.0 = Debug|Any CPU
		{A11F4227-876D-43A1-9804-704476438D4B}.Debug|x86.ActiveCfg = Debug|Any CPU
		{A11F4227-876D-43A1-9804-704476438D4B}.Debug|x86.Build.0 = Debug|Any CPU
		{A11F4227-876D-43A1-9804-704476438D4B}.Release|Any CPU.ActiveCfg = Release|Any CPU
		{A11F4227-876D-43A1-9804-704476438D4B}.Release|Any CPU.Build.0 = Release|Any CPU
		{A11F4227-876D-43A1-9804-704476438D4B}.Release|ARM.ActiveCfg = Release|Any CPU
		{A11F4227-876D-43A1-9804-704476438D4B}.Release|ARM.Build.0 = Release|Any CPU
		{A11F4227-876D-43A1-9804-704476438D4B}.Release|iPhone.ActiveCfg = Release|Any CPU
		{A11F4227-876D-43A1-9804-704476438D4B}.Release|iPhone.Build.0 = Release|Any CPU
		{A11F4227-876D-43A1-9804-704476438D4B}.Release|iPhoneSimulator.ActiveCfg = Release|Any CPU
		{A11F4227-876D-43A1-9804-704476438D4B}.Release|iPhoneSimulator.Build.0 = Release|Any CPU
		{A11F4227-876D-43A1-9804-704476438D4B}.Release|x64.ActiveCfg = Release|Any CPU
		{A11F4227-876D-43A1-9804-704476438D4B}.Release|x64.Build.0 = Release|Any CPU
		{A11F4227-876D-43A1-9804-704476438D4B}.Release|x86.ActiveCfg = Release|Any CPU
		{A11F4227-876D-43A1-9804-704476438D4B}.Release|x86.Build.0 = Release|Any CPU
		{FDD3E5F9-4934-4023-8AC4-817B436E6F53}.Ad-Hoc|Any CPU.ActiveCfg = Release|x86
		{FDD3E5F9-4934-4023-8AC4-817B436E6F53}.Ad-Hoc|Any CPU.Build.0 = Release|x86
		{FDD3E5F9-4934-4023-8AC4-817B436E6F53}.Ad-Hoc|Any CPU.Deploy.0 = Release|x86
		{FDD3E5F9-4934-4023-8AC4-817B436E6F53}.Ad-Hoc|ARM.ActiveCfg = Release|ARM
		{FDD3E5F9-4934-4023-8AC4-817B436E6F53}.Ad-Hoc|ARM.Build.0 = Release|ARM
		{FDD3E5F9-4934-4023-8AC4-817B436E6F53}.Ad-Hoc|ARM.Deploy.0 = Release|ARM
		{FDD3E5F9-4934-4023-8AC4-817B436E6F53}.Ad-Hoc|iPhone.ActiveCfg = Release|x86
		{FDD3E5F9-4934-4023-8AC4-817B436E6F53}.Ad-Hoc|iPhone.Build.0 = Release|x86
		{FDD3E5F9-4934-4023-8AC4-817B436E6F53}.Ad-Hoc|iPhone.Deploy.0 = Release|x86
		{FDD3E5F9-4934-4023-8AC4-817B436E6F53}.Ad-Hoc|iPhoneSimulator.ActiveCfg = Release|x86
		{FDD3E5F9-4934-4023-8AC4-817B436E6F53}.Ad-Hoc|iPhoneSimulator.Build.0 = Release|x86
		{FDD3E5F9-4934-4023-8AC4-817B436E6F53}.Ad-Hoc|iPhoneSimulator.Deploy.0 = Release|x86
		{FDD3E5F9-4934-4023-8AC4-817B436E6F53}.Ad-Hoc|x64.ActiveCfg = Release|x64
		{FDD3E5F9-4934-4023-8AC4-817B436E6F53}.Ad-Hoc|x64.Build.0 = Release|x64
		{FDD3E5F9-4934-4023-8AC4-817B436E6F53}.Ad-Hoc|x64.Deploy.0 = Release|x64
		{FDD3E5F9-4934-4023-8AC4-817B436E6F53}.Ad-Hoc|x86.ActiveCfg = Release|x86
		{FDD3E5F9-4934-4023-8AC4-817B436E6F53}.Ad-Hoc|x86.Build.0 = Release|x86
		{FDD3E5F9-4934-4023-8AC4-817B436E6F53}.Ad-Hoc|x86.Deploy.0 = Release|x86
		{FDD3E5F9-4934-4023-8AC4-817B436E6F53}.AppStore|Any CPU.ActiveCfg = Release|x86
		{FDD3E5F9-4934-4023-8AC4-817B436E6F53}.AppStore|Any CPU.Build.0 = Release|x86
		{FDD3E5F9-4934-4023-8AC4-817B436E6F53}.AppStore|Any CPU.Deploy.0 = Release|x86
		{FDD3E5F9-4934-4023-8AC4-817B436E6F53}.AppStore|ARM.ActiveCfg = Release|ARM
		{FDD3E5F9-4934-4023-8AC4-817B436E6F53}.AppStore|ARM.Build.0 = Release|ARM
		{FDD3E5F9-4934-4023-8AC4-817B436E6F53}.AppStore|ARM.Deploy.0 = Release|ARM
		{FDD3E5F9-4934-4023-8AC4-817B436E6F53}.AppStore|iPhone.ActiveCfg = Release|x86
		{FDD3E5F9-4934-4023-8AC4-817B436E6F53}.AppStore|iPhone.Build.0 = Release|x86
		{FDD3E5F9-4934-4023-8AC4-817B436E6F53}.AppStore|iPhone.Deploy.0 = Release|x86
		{FDD3E5F9-4934-4023-8AC4-817B436E6F53}.AppStore|iPhoneSimulator.ActiveCfg = Release|x86
		{FDD3E5F9-4934-4023-8AC4-817B436E6F53}.AppStore|iPhoneSimulator.Build.0 = Release|x86
		{FDD3E5F9-4934-4023-8AC4-817B436E6F53}.AppStore|iPhoneSimulator.Deploy.0 = Release|x86
		{FDD3E5F9-4934-4023-8AC4-817B436E6F53}.AppStore|x64.ActiveCfg = Release|x64
		{FDD3E5F9-4934-4023-8AC4-817B436E6F53}.AppStore|x64.Build.0 = Release|x64
		{FDD3E5F9-4934-4023-8AC4-817B436E6F53}.AppStore|x64.Deploy.0 = Release|x64
		{FDD3E5F9-4934-4023-8AC4-817B436E6F53}.AppStore|x86.ActiveCfg = Release|x86
		{FDD3E5F9-4934-4023-8AC4-817B436E6F53}.AppStore|x86.Build.0 = Release|x86
		{FDD3E5F9-4934-4023-8AC4-817B436E6F53}.AppStore|x86.Deploy.0 = Release|x86
		{FDD3E5F9-4934-4023-8AC4-817B436E6F53}.Debug|Any CPU.ActiveCfg = Debug|x86
		{FDD3E5F9-4934-4023-8AC4-817B436E6F53}.Debug|ARM.ActiveCfg = Debug|ARM
		{FDD3E5F9-4934-4023-8AC4-817B436E6F53}.Debug|ARM.Build.0 = Debug|ARM
		{FDD3E5F9-4934-4023-8AC4-817B436E6F53}.Debug|ARM.Deploy.0 = Debug|ARM
		{FDD3E5F9-4934-4023-8AC4-817B436E6F53}.Debug|iPhone.ActiveCfg = Debug|x86
		{FDD3E5F9-4934-4023-8AC4-817B436E6F53}.Debug|iPhoneSimulator.ActiveCfg = Debug|x86
		{FDD3E5F9-4934-4023-8AC4-817B436E6F53}.Debug|x64.ActiveCfg = Debug|x64
		{FDD3E5F9-4934-4023-8AC4-817B436E6F53}.Debug|x64.Build.0 = Debug|x64
		{FDD3E5F9-4934-4023-8AC4-817B436E6F53}.Debug|x64.Deploy.0 = Debug|x64
		{FDD3E5F9-4934-4023-8AC4-817B436E6F53}.Debug|x86.ActiveCfg = Debug|x86
		{FDD3E5F9-4934-4023-8AC4-817B436E6F53}.Debug|x86.Build.0 = Debug|x86
		{FDD3E5F9-4934-4023-8AC4-817B436E6F53}.Debug|x86.Deploy.0 = Debug|x86
		{FDD3E5F9-4934-4023-8AC4-817B436E6F53}.Release|Any CPU.ActiveCfg = Release|x86
		{FDD3E5F9-4934-4023-8AC4-817B436E6F53}.Release|ARM.ActiveCfg = Release|ARM
		{FDD3E5F9-4934-4023-8AC4-817B436E6F53}.Release|ARM.Build.0 = Release|ARM
		{FDD3E5F9-4934-4023-8AC4-817B436E6F53}.Release|ARM.Deploy.0 = Release|ARM
		{FDD3E5F9-4934-4023-8AC4-817B436E6F53}.Release|iPhone.ActiveCfg = Release|x86
		{FDD3E5F9-4934-4023-8AC4-817B436E6F53}.Release|iPhoneSimulator.ActiveCfg = Release|x86
		{FDD3E5F9-4934-4023-8AC4-817B436E6F53}.Release|x64.ActiveCfg = Release|x64
		{FDD3E5F9-4934-4023-8AC4-817B436E6F53}.Release|x64.Build.0 = Release|x64
		{FDD3E5F9-4934-4023-8AC4-817B436E6F53}.Release|x64.Deploy.0 = Release|x64
		{FDD3E5F9-4934-4023-8AC4-817B436E6F53}.Release|x86.ActiveCfg = Release|x86
		{FDD3E5F9-4934-4023-8AC4-817B436E6F53}.Release|x86.Build.0 = Release|x86
		{FDD3E5F9-4934-4023-8AC4-817B436E6F53}.Release|x86.Deploy.0 = Release|x86
		{F491D888-DB42-42A0-A601-71BBA14A229D}.Ad-Hoc|Any CPU.ActiveCfg = Ad-Hoc|iPhone
		{F491D888-DB42-42A0-A601-71BBA14A229D}.Ad-Hoc|ARM.ActiveCfg = Ad-Hoc|iPhone
		{F491D888-DB42-42A0-A601-71BBA14A229D}.Ad-Hoc|iPhone.ActiveCfg = Ad-Hoc|iPhone
		{F491D888-DB42-42A0-A601-71BBA14A229D}.Ad-Hoc|iPhone.Build.0 = Ad-Hoc|iPhone
		{F491D888-DB42-42A0-A601-71BBA14A229D}.Ad-Hoc|iPhoneSimulator.ActiveCfg = Ad-Hoc|iPhoneSimulator
		{F491D888-DB42-42A0-A601-71BBA14A229D}.Ad-Hoc|iPhoneSimulator.Build.0 = Ad-Hoc|iPhoneSimulator
		{F491D888-DB42-42A0-A601-71BBA14A229D}.Ad-Hoc|x64.ActiveCfg = Ad-Hoc|iPhone
		{F491D888-DB42-42A0-A601-71BBA14A229D}.Ad-Hoc|x86.ActiveCfg = Ad-Hoc|iPhone
		{F491D888-DB42-42A0-A601-71BBA14A229D}.AppStore|Any CPU.ActiveCfg = AppStore|iPhone
		{F491D888-DB42-42A0-A601-71BBA14A229D}.AppStore|ARM.ActiveCfg = AppStore|iPhone
		{F491D888-DB42-42A0-A601-71BBA14A229D}.AppStore|iPhone.ActiveCfg = AppStore|iPhone
		{F491D888-DB42-42A0-A601-71BBA14A229D}.AppStore|iPhone.Build.0 = AppStore|iPhone
		{F491D888-DB42-42A0-A601-71BBA14A229D}.AppStore|iPhoneSimulator.ActiveCfg = AppStore|iPhoneSimulator
		{F491D888-DB42-42A0-A601-71BBA14A229D}.AppStore|iPhoneSimulator.Build.0 = AppStore|iPhoneSimulator
		{F491D888-DB42-42A0-A601-71BBA14A229D}.AppStore|x64.ActiveCfg = AppStore|iPhone
		{F491D888-DB42-42A0-A601-71BBA14A229D}.AppStore|x86.ActiveCfg = AppStore|iPhone
		{F491D888-DB42-42A0-A601-71BBA14A229D}.Debug|Any CPU.ActiveCfg = Debug|iPhone
		{F491D888-DB42-42A0-A601-71BBA14A229D}.Debug|ARM.ActiveCfg = Debug|iPhone
		{F491D888-DB42-42A0-A601-71BBA14A229D}.Debug|iPhone.ActiveCfg = Debug|iPhone
		{F491D888-DB42-42A0-A601-71BBA14A229D}.Debug|iPhone.Build.0 = Debug|iPhone
		{F491D888-DB42-42A0-A601-71BBA14A229D}.Debug|iPhoneSimulator.ActiveCfg = Debug|iPhoneSimulator
		{F491D888-DB42-42A0-A601-71BBA14A229D}.Debug|iPhoneSimulator.Build.0 = Debug|iPhoneSimulator
		{F491D888-DB42-42A0-A601-71BBA14A229D}.Debug|x64.ActiveCfg = Debug|iPhone
		{F491D888-DB42-42A0-A601-71BBA14A229D}.Debug|x86.ActiveCfg = Debug|iPhone
		{F491D888-DB42-42A0-A601-71BBA14A229D}.Release|Any CPU.ActiveCfg = Release|iPhone
		{F491D888-DB42-42A0-A601-71BBA14A229D}.Release|ARM.ActiveCfg = Release|iPhone
		{F491D888-DB42-42A0-A601-71BBA14A229D}.Release|iPhone.ActiveCfg = Release|iPhone
		{F491D888-DB42-42A0-A601-71BBA14A229D}.Release|iPhone.Build.0 = Release|iPhone
		{F491D888-DB42-42A0-A601-71BBA14A229D}.Release|iPhoneSimulator.ActiveCfg = Release|iPhoneSimulator
		{F491D888-DB42-42A0-A601-71BBA14A229D}.Release|iPhoneSimulator.Build.0 = Release|iPhoneSimulator
		{F491D888-DB42-42A0-A601-71BBA14A229D}.Release|x64.ActiveCfg = Release|iPhone
		{F491D888-DB42-42A0-A601-71BBA14A229D}.Release|x86.ActiveCfg = Release|iPhone
	EndGlobalSection
	GlobalSection(SolutionProperties) = preSolution
		HideSolutionNode = FALSE
	EndGlobalSection
EndGlobal
